
Microsoft Visual Studio Solution File, Format Version 12.00
# Visual Studio Version 17
VisualStudioVersion = 17.9.34728.123
MinimumVisualStudioVersion = 10.0.40219.1
Project("{FAE04EC0-301F-11D3-BF4B-00C04F79EFBC}") = "Matizes", "Matizes\Matizes.csproj", "{883B7389-8470-47AD-973E-838FD4E2F3D5}"
EndProject
Global
	GlobalSection(SolutionConfigurationPlatforms) = preSolution
		Debug|Any CPU = Debug|Any CPU
		Release|Any CPU = Release|Any CPU
	EndGlobalSection
	GlobalSection(ProjectConfigurationPlatforms) = postSolution
		{883B7389-8470-47AD-973E-838FD4E2F3D5}.Debug|Any CPU.ActiveCfg = Debug|Any CPU
		{883B7389-8470-47AD-973E-838FD4E2F3D5}.Debug|Any CPU.Build.0 = Debug|Any CPU
		{883B7389-8470-47AD-973E-838FD4E2F3D5}.Release|Any CPU.ActiveCfg = Release|Any CPU
		{883B7389-8470-47AD-973E-838FD4E2F3D5}.Release|Any CPU.Build.0 = Release|Any CPU
	EndGlobalSection
	GlobalSection(SolutionProperties) = preSolution
		HideSolutionNode = FALSE
	EndGlobalSection
	GlobalSection(ExtensibilityGlobals) = postSolution
		SolutionGuid = {73573592-A12D-4599-B710-6A9D29324A3F}
	EndGlobalSection
EndGlobal
